
Microsoft Visual Studio Solution File, Format Version 12.00
# Visual Studio Version 17
VisualStudioVersion = 17.1.32414.318
MinimumVisualStudioVersion = 10.0.40219.1
Project("{FAE04EC0-301F-11D3-BF4B-00C04F79EFBC}") = "ServerApp", "ServerApp\ServerApp.csproj", "{B42DBB18-D3FC-4B39-AE4A-5DC292E55F8D}"
EndProject
Project("{FAE04EC0-301F-11D3-BF4B-00C04F79EFBC}") = "Client", "Client\Client.csproj", "{58A74396-28DD-40DE-9CED-EA68A8D1F7AB}"
EndProject
Global
	GlobalSection(SolutionConfigurationPlatforms) = preSolution
		Debug|Any CPU = Debug|Any CPU
		Release|Any CPU = Release|Any CPU
	EndGlobalSection
	GlobalSection(ProjectConfigurationPlatforms) = postSolution
		{B42DBB18-D3FC-4B39-AE4A-5DC292E55F8D}.Debug|Any CPU.ActiveCfg = Debug|Any CPU
		{B42DBB18-D3FC-4B39-AE4A-5DC292E55F8D}.Debug|Any CPU.Build.0 = Debug|Any CPU
		{B42DBB18-D3FC-4B39-AE4A-5DC292E55F8D}.Release|Any CPU.ActiveCfg = Release|Any CPU
		{B42DBB18-D3FC-4B39-AE4A-5DC292E55F8D}.Release|Any CPU.Build.0 = Release|Any CPU
		{58A74396-28DD-40DE-9CED-EA68A8D1F7AB}.Debug|Any CPU.ActiveCfg = Debug|Any CPU
		{58A74396-28DD-40DE-9CED-EA68A8D1F7AB}.Debug|Any CPU.Build.0 = Debug|Any CPU
		{58A74396-28DD-40DE-9CED-EA68A8D1F7AB}.Release|Any CPU.ActiveCfg = Release|Any CPU
		{58A74396-28DD-40DE-9CED-EA68A8D1F7AB}.Release|Any CPU.Build.0 = Release|Any CPU
	EndGlobalSection
	GlobalSection(SolutionProperties) = preSolution
		HideSolutionNode = FALSE
	EndGlobalSection
	GlobalSection(ExtensibilityGlobals) = postSolution
		SolutionGuid = {91040C6F-C25A-4256-9F2F-112C4E0A8287}
	EndGlobalSection
EndGlobal
